
Microsoft Visual Studio Solution File, Format Version 12.00
# Visual Studio Version 17
VisualStudioVersion = 17.0.31612.314
MinimumVisualStudioVersion = 10.0.40219.1
Project("{9A19103F-16F7-4668-BE54-9A1E7A4F7556}") = "CG.Blazor.Setup.QuickStart", "CG.Blazor.Setup.QuickStart.csproj", "{4635FF63-0AFF-4000-A8DE-A204EF917515}"
EndProject
Project("{9A19103F-16F7-4668-BE54-9A1E7A4F7556}") = "CG.Blazor.Setup", "..\..\src\CG.Blazor.Setup\CG.Blazor.Setup.csproj", "{66B13BA0-833A-42CB-8744-991EB8E89714}"
EndProject
Global
	GlobalSection(SolutionConfigurationPlatforms) = preSolution
		Debug|Any CPU = Debug|Any CPU
		Release|Any CPU = Release|Any CPU
	EndGlobalSection
	GlobalSection(ProjectConfigurationPlatforms) = postSolution
		{4635FF63-0AFF-4000-A8DE-A204EF917515}.Debug|Any CPU.ActiveCfg = Debug|Any CPU
		{4635FF63-0AFF-4000-A8DE-A204EF917515}.Debug|Any CPU.Build.0 = Debug|Any CPU
		{4635FF63-0AFF-4000-A8DE-A204EF917515}.Release|Any CPU.ActiveCfg = Release|Any CPU
		{4635FF63-0AFF-4000-A8DE-A204EF917515}.Release|Any CPU.Build.0 = Release|Any CPU
		{66B13BA0-833A-42CB-8744-991EB8E89714}.Debug|Any CPU.ActiveCfg = Debug|Any CPU
		{66B13BA0-833A-42CB-8744-991EB8E89714}.Debug|Any CPU.Build.0 = Debug|Any CPU
		{66B13BA0-833A-42CB-8744-991EB8E89714}.Release|Any CPU.ActiveCfg = Release|Any CPU
		{66B13BA0-833A-42CB-8744-991EB8E89714}.Release|Any CPU.Build.0 = Release|Any CPU
	EndGlobalSection
	GlobalSection(SolutionProperties) = preSolution
		HideSolutionNode = FALSE
	EndGlobalSection
	GlobalSection(ExtensibilityGlobals) = postSolution
		SolutionGuid = {6E2B0A4C-DFF5-42FC-B493-61C73B5BC871}
	EndGlobalSection
EndGlobal
