
Microsoft Visual Studio Solution File, Format Version 12.00
# Visual Studio Version 16
VisualStudioVersion = 16.0.31624.102
MinimumVisualStudioVersion = 10.0.40219.1
Project("{9A19103F-16F7-4668-BE54-9A1E7A4F7556}") = "CG.Blazor.Setup", "CG.Blazor.Setup\CG.Blazor.Setup.csproj", "{FC5CB575-DC1F-4456-88F4-70033B4B35C6}"
EndProject
Project("{9A19103F-16F7-4668-BE54-9A1E7A4F7556}") = "CG.Blazor.Setup.Tests", "..\tests\CG.Blazor.Setup.Tests\CG.Blazor.Setup.Tests.csproj", "{E4E52DC1-3EEA-4FB5-8ADD-DF1EDD8EB45C}"
EndProject
Global
	GlobalSection(SolutionConfigurationPlatforms) = preSolution
		Debug|Any CPU = Debug|Any CPU
		Release|Any CPU = Release|Any CPU
	EndGlobalSection
	GlobalSection(ProjectConfigurationPlatforms) = postSolution
		{FC5CB575-DC1F-4456-88F4-70033B4B35C6}.Debug|Any CPU.ActiveCfg = Debug|Any CPU
		{FC5CB575-DC1F-4456-88F4-70033B4B35C6}.Debug|Any CPU.Build.0 = Debug|Any CPU
		{FC5CB575-DC1F-4456-88F4-70033B4B35C6}.Release|Any CPU.ActiveCfg = Release|Any CPU
		{FC5CB575-DC1F-4456-88F4-70033B4B35C6}.Release|Any CPU.Build.0 = Release|Any CPU
		{E4E52DC1-3EEA-4FB5-8ADD-DF1EDD8EB45C}.Debug|Any CPU.ActiveCfg = Debug|Any CPU
		{E4E52DC1-3EEA-4FB5-8ADD-DF1EDD8EB45C}.Debug|Any CPU.Build.0 = Debug|Any CPU
		{E4E52DC1-3EEA-4FB5-8ADD-DF1EDD8EB45C}.Release|Any CPU.ActiveCfg = Release|Any CPU
		{E4E52DC1-3EEA-4FB5-8ADD-DF1EDD8EB45C}.Release|Any CPU.Build.0 = Release|Any CPU
	EndGlobalSection
	GlobalSection(SolutionProperties) = preSolution
		HideSolutionNode = FALSE
	EndGlobalSection
	GlobalSection(ExtensibilityGlobals) = postSolution
		SolutionGuid = {B48F6C72-947C-4906-BA85-093319CA0D20}
	EndGlobalSection
EndGlobal
